github.com/RGB-OS/rgb-lib-go v0.3.6 h1:hL4WIjrhqHBcYEYPvP81EUK0htaPiDR2L41yDQXmf8w=
github.com/RGB-OS/rgb-lib-go v0.3.6/go.mod h1:cPd+ICCiyxke+Lqg5cGa4RgNY2lZTFnv/qK9d1IqJxM=
github.com/joho/godotenv v1.5.1 h1:7eLL/+HRGLY0ldzfGMeQkb7vMd0as4CfYvUVzLqw0N0=
github.com/joho/godotenv v1.5.1/go.mod h1:f4LDr5Voq0i2e/R5DDNOoa2zzDfwtkZa6DnEwAbqwq4=
